# This file is automatically @generated by Cargo.
# It is not intended for manual editing.
version = 3

[[package]]
name = "eigensdk-client-avsregistry"
version = "0.0.1-alpha"

[[package]]
name = "eigensdk-client-elcontracts"
version = "0.0.1-alpha"

[[package]]
name = "eigensdk-client-eth"
version = "0.0.1-alpha"

[[package]]
name = "eigensdk-client-fireblocks"
version = "0.0.1-alpha"

[[package]]
name = "eigensdk-metrics"
version = "0.0.1-alpha"

[[package]]
name = "logging"
version = "0.0.1-alpha"

[[package]]
name = "services"
version = "0.0.1-alpha"

[[package]]
name = "signer"
version = "0.0.1-alpha"
